// !$*UTF8*$!
{
	archiveVersion = 1;
	classes = {
	};
	objectVersion = 48;
	objects = {

/* Begin PBXBuildFile section */
		02B3F26C2017F8A100A4E49D /* AppDelegate.swift in Sources */ = {isa = PBXBuildFile; fileRef = 02B3F26B2017F8A100A4E49D /* AppDelegate.swift */; };
		02B3F26E2017F8A100A4E49D /* ViewController.swift in Sources */ = {isa = PBXBuildFile; fileRef = 02B3F26D2017F8A100A4E49D /* ViewController.swift */; };
		02B3F2712017F8A100A4E49D /* Main.storyboard in Resources */ = {isa = PBXBuildFile; fileRef = 02B3F26F2017F8A100A4E49D /* Main.storyboard */; };
		02B3F2732017F8A100A4E49D /* Assets.xcassets in Resources */ = {isa = PBXBuildFile; fileRef = 02B3F2722017F8A100A4E49D /* Assets.xcassets */; };
		02B3F2762017F8A100A4E49D /* LaunchScreen.storyboard in Resources */ = {isa = PBXBuildFile; fileRef = 02B3F2742017F8A100A4E49D /* LaunchScreen.storyboard */; };
		02B3F27E2017F8D200A4E49D /* UIImage+Analyzable.swift in Sources */ = {isa = PBXBuildFile; fileRef = 02B3F27D2017F8D200A4E49D /* UIImage+Analyzable.swift */; };
		02B3F2802017F8E400A4E49D /* UIColor+DarkLight.swift in Sources */ = {isa = PBXBuildFile; fileRef = 02B3F27F2017F8E400A4E49D /* UIColor+DarkLight.swift */; };
		02B3F2822017F8F700A4E49D /* Double+RGBHSV.swift in Sources */ = {isa = PBXBuildFile; fileRef = 02B3F2812017F8F700A4E49D /* Double+RGBHSV.swift */; };
		02B3F2842017F92800A4E49D /* cathay.jpg in Resources */ = {isa = PBXBuildFile; fileRef = 02B3F2832017F92800A4E49D /* cathay.jpg */; };
		02B3F28C201800F300A4E49D /* southwest.jpg in Resources */ = {isa = PBXBuildFile; fileRef = 02B3F28B201800F300A4E49D /* southwest.jpg */; };
		02B3F28E2018013400A4E49D /* qantas.jpg in Resources */ = {isa = PBXBuildFile; fileRef = 02B3F28D2018013400A4E49D /* qantas.jpg */; };
		02B3F2902018026C00A4E49D /* jetstar.png in Resources */ = {isa = PBXBuildFile; fileRef = 02B3F28F2018026C00A4E49D /* jetstar.png */; };
		02B3F292201805E000A4E49D /* american.jpeg in Resources */ = {isa = PBXBuildFile; fileRef = 02B3F291201805E000A4E49D /* american.jpeg */; };
		02B3F2942018063400A4E49D /* ana.jpg in Resources */ = {isa = PBXBuildFile; fileRef = 02B3F2932018063400A4E49D /* ana.jpg */; };
		02B3F2962018067E00A4E49D /* philippine.jpg in Resources */ = {isa = PBXBuildFile; fileRef = 02B3F2952018067E00A4E49D /* philippine.jpg */; };
		02B3F298201807C300A4E49D /* havaii.png in Resources */ = {isa = PBXBuildFile; fileRef = 02B3F297201807C300A4E49D /* havaii.png */; };
		02B3F2A22018081300A4E49D /* Simulator Screen Shot - iPhone 7 - 2018-01-24 at 11.16.46.png in Resources */ = {isa = PBXBuildFile; fileRef = 02B3F2992018081200A4E49D /* Simulator Screen Shot - iPhone 7 - 2018-01-24 at 11.16.46.png */; };
		02B3F2A32018081300A4E49D /* Simulator Screen Shot - iPhone 7 - 2018-01-24 at 11.11.29.png in Resources */ = {isa = PBXBuildFile; fileRef = 02B3F29A2018081200A4E49D /* Simulator Screen Shot - iPhone 7 - 2018-01-24 at 11.11.29.png */; };
		02B3F2A42018081300A4E49D /* Simulator Screen Shot - iPhone 7 - 2018-01-24 at 11.06.49.png in Resources */ = {isa = PBXBuildFile; fileRef = 02B3F29B2018081200A4E49D /* Simulator Screen Shot - iPhone 7 - 2018-01-24 at 11.06.49.png */; };
		02B3F2A52018081300A4E49D /* Simulator Screen Shot - iPhone 7 - 2018-01-24 at 11.06.08.png in Resources */ = {isa = PBXBuildFile; fileRef = 02B3F29C2018081300A4E49D /* Simulator Screen Shot - iPhone 7 - 2018-01-24 at 11.06.08.png */; };
		02B3F2A62018081300A4E49D /* Simulator Screen Shot - iPhone 7 - 2018-01-24 at 11.05.48.png in Resources */ = {isa = PBXBuildFile; fileRef = 02B3F29D2018081300A4E49D /* Simulator Screen Shot - iPhone 7 - 2018-01-24 at 11.05.48.png */; };
		02B3F2A72018081300A4E49D /* Simulator Screen Shot - iPhone 7 - 2018-01-24 at 11.08.24.png in Resources */ = {isa = PBXBuildFile; fileRef = 02B3F29E2018081300A4E49D /* Simulator Screen Shot - iPhone 7 - 2018-01-24 at 11.08.24.png */; };
		02B3F2A82018081300A4E49D /* Simulator Screen Shot - iPhone 7 - 2018-01-24 at 11.06.27.png in Resources */ = {isa = PBXBuildFile; fileRef = 02B3F29F2018081300A4E49D /* Simulator Screen Shot - iPhone 7 - 2018-01-24 at 11.06.27.png */; };
		02B3F2A92018081300A4E49D /* Simulator Screen Shot - iPhone 7 - 2018-01-24 at 10.53.24.png in Resources */ = {isa = PBXBuildFile; fileRef = 02B3F2A02018081300A4E49D /* Simulator Screen Shot - iPhone 7 - 2018-01-24 at 10.53.24.png */; };
		02B3F2AA2018081300A4E49D /* Simulator Screen Shot - iPhone 7 - 2018-01-24 at 11.09.42.png in Resources */ = {isa = PBXBuildFile; fileRef = 02B3F2A12018081300A4E49D /* Simulator Screen Shot - iPhone 7 - 2018-01-24 at 11.09.42.png */; };
/* End PBXBuildFile section */

/* Begin PBXFileReference section */
		02B3F2682017F8A100A4E49D /* Analyzer.app */ = {isa = PBXFileReference; explicitFileType = wrapper.application; includeInIndex = 0; path = Analyzer.app; sourceTree = BUILT_PRODUCTS_DIR; };
		02B3F26B2017F8A100A4E49D /* AppDelegate.swift */ = {isa = PBXFileReference; lastKnownFileType = sourcecode.swift; path = AppDelegate.swift; sourceTree = "<group>"; };
		02B3F26D2017F8A100A4E49D /* ViewController.swift */ = {isa = PBXFileReference; lastKnownFileType = sourcecode.swift; path = ViewController.swift; sourceTree = "<group>"; };
		02B3F2702017F8A100A4E49D /* Base */ = {isa = PBXFileReference; lastKnownFileType = file.storyboard; name = Base; path = Base.lproj/Main.storyboard; sourceTree = "<group>"; };
		02B3F2722017F8A100A4E49D /* Assets.xcassets */ = {isa = PBXFileReference; lastKnownFileType = folder.assetcatalog; path = Assets.xcassets; sourceTree = "<group>"; };
		02B3F2752017F8A100A4E49D /* Base */ = {isa = PBXFileReference; lastKnownFileType = file.storyboard; name = Base; path = Base.lproj/LaunchScreen.storyboard; sourceTree = "<group>"; };
		02B3F2772017F8A100A4E49D /* Info.plist */ = {isa = PBXFileReference; lastKnownFileType = text.plist.xml; path = Info.plist; sourceTree = "<group>"; };
		02B3F27D2017F8D200A4E49D /* UIImage+Analyzable.swift */ = {isa = PBXFileReference; lastKnownFileType = sourcecode.swift; path = "UIImage+Analyzable.swift"; sourceTree = "<group>"; };
		02B3F27F2017F8E400A4E49D /* UIColor+DarkLight.swift */ = {isa = PBXFileReference; lastKnownFileType = sourcecode.swift; path = "UIColor+DarkLight.swift"; sourceTree = "<group>"; };
		02B3F2812017F8F700A4E49D /* Double+RGBHSV.swift */ = {isa = PBXFileReference; lastKnownFileType = sourcecode.swift; path = "Double+RGBHSV.swift"; sourceTree = "<group>"; };
		02B3F2832017F92800A4E49D /* cathay.jpg */ = {isa = PBXFileReference; lastKnownFileType = image.jpeg; path = cathay.jpg; sourceTree = "<group>"; };
		02B3F28B201800F300A4E49D /* southwest.jpg */ = {isa = PBXFileReference; lastKnownFileType = image.jpeg; path = southwest.jpg; sourceTree = "<group>"; };
		02B3F28D2018013400A4E49D /* qantas.jpg */ = {isa = PBXFileReference; lastKnownFileType = image.jpeg; path = qantas.jpg; sourceTree = "<group>"; };
		02B3F28F2018026C00A4E49D /* jetstar.png */ = {isa = PBXFileReference; lastKnownFileType = image.png; path = jetstar.png; sourceTree = "<group>"; };
		02B3F291201805E000A4E49D /* american.jpeg */ = {isa = PBXFileReference; lastKnownFileType = image.jpeg; path = american.jpeg; sourceTree = "<group>"; };
		02B3F2932018063400A4E49D /* ana.jpg */ = {isa = PBXFileReference; lastKnownFileType = image.jpeg; path = ana.jpg; sourceTree = "<group>"; };
		02B3F2952018067E00A4E49D /* philippine.jpg */ = {isa = PBXFileReference; lastKnownFileType = image.jpeg; path = philippine.jpg; sourceTree = "<group>"; };
		02B3F297201807C300A4E49D /* havaii.png */ = {isa = PBXFileReference; lastKnownFileType = image.png; path = havaii.png; sourceTree = "<group>"; };
		02B3F2992018081200A4E49D /* Simulator Screen Shot - iPhone 7 - 2018-01-24 at 11.16.46.png */ = {isa = PBXFileReference; lastKnownFileType = image.png; path = "Simulator Screen Shot - iPhone 7 - 2018-01-24 at 11.16.46.png"; sourceTree = "<group>"; };
		02B3F29A2018081200A4E49D /* Simulator Screen Shot - iPhone 7 - 2018-01-24 at 11.11.29.png */ = {isa = PBXFileReference; lastKnownFileType = image.png; path = "Simulator Screen Shot - iPhone 7 - 2018-01-24 at 11.11.29.png"; sourceTree = "<group>"; };
		02B3F29B2018081200A4E49D /* Simulator Screen Shot - iPhone 7 - 2018-01-24 at 11.06.49.png */ = {isa = PBXFileReference; lastKnownFileType = image.png; path = "Simulator Screen Shot - iPhone 7 - 2018-01-24 at 11.06.49.png"; sourceTree = "<group>"; };
		02B3F29C2018081300A4E49D /* Simulator Screen Shot - iPhone 7 - 2018-01-24 at 11.06.08.png */ = {isa = PBXFileReference; lastKnownFileType = image.png; path = "Simulator Screen Shot - iPhone 7 - 2018-01-24 at 11.06.08.png"; sourceTree = "<group>"; };
		02B3F29D2018081300A4E49D /* Simulator Screen Shot - iPhone 7 - 2018-01-24 at 11.05.48.png */ = {isa = PBXFileReference; lastKnownFileType = image.png; path = "Simulator Screen Shot - iPhone 7 - 2018-01-24 at 11.05.48.png"; sourceTree = "<group>"; };
		02B3F29E2018081300A4E49D /* Simulator Screen Shot - iPhone 7 - 2018-01-24 at 11.08.24.png */ = {isa = PBXFileReference; lastKnownFileType = image.png; path = "Simulator Screen Shot - iPhone 7 - 2018-01-24 at 11.08.24.png"; sourceTree = "<group>"; };
		02B3F29F2018081300A4E49D /* Simulator Screen Shot - iPhone 7 - 2018-01-24 at 11.06.27.png */ = {isa = PBXFileReference; lastKnownFileType = image.png; path = "Simulator Screen Shot - iPhone 7 - 2018-01-24 at 11.06.27.png"; sourceTree = "<group>"; };
		02B3F2A02018081300A4E49D /* Simulator Screen Shot - iPhone 7 - 2018-01-24 at 10.53.24.png */ = {isa = PBXFileReference; lastKnownFileType = image.png; path = "Simulator Screen Shot - iPhone 7 - 2018-01-24 at 10.53.24.png"; sourceTree = "<group>"; };
		02B3F2A12018081300A4E49D /* Simulator Screen Shot - iPhone 7 - 2018-01-24 at 11.09.42.png */ = {isa = PBXFileReference; lastKnownFileType = image.png; path = "Simulator Screen Shot - iPhone 7 - 2018-01-24 at 11.09.42.png"; sourceTree = "<group>"; };
/* End PBXFileReference section */

/* Begin PBXFrameworksBuildPhase section */
		02B3F2652017F8A100A4E49D /* Frameworks */ = {
			isa = PBXFrameworksBuildPhase;
			buildActionMask = 2147483647;
			files = (
			);
			runOnlyForDeploymentPostprocessing = 0;
		};
/* End PBXFrameworksBuildPhase section */

/* Begin PBXGroup section */
		02B3F25F2017F8A100A4E49D = {
			isa = PBXGroup;
			children = (
				02B3F26A2017F8A100A4E49D /* Analyzer */,
				02B3F2692017F8A100A4E49D /* Products */,
			);
			sourceTree = "<group>";
		};
		02B3F2692017F8A100A4E49D /* Products */ = {
			isa = PBXGroup;
			children = (
				02B3F2682017F8A100A4E49D /* Analyzer.app */,
			);
			name = Products;
			sourceTree = "<group>";
		};
		02B3F26A2017F8A100A4E49D /* Analyzer */ = {
			isa = PBXGroup;
			children = (
				02B3F26B2017F8A100A4E49D /* AppDelegate.swift */,
				02B3F26D2017F8A100A4E49D /* ViewController.swift */,
				02B3F27D2017F8D200A4E49D /* UIImage+Analyzable.swift */,
				02B3F27F2017F8E400A4E49D /* UIColor+DarkLight.swift */,
				02B3F2812017F8F700A4E49D /* Double+RGBHSV.swift */,
				02B3F2832017F92800A4E49D /* cathay.jpg */,
				02B3F297201807C300A4E49D /* havaii.png */,
				02B3F28F2018026C00A4E49D /* jetstar.png */,
				02B3F291201805E000A4E49D /* american.jpeg */,
				02B3F28B201800F300A4E49D /* southwest.jpg */,
				02B3F2952018067E00A4E49D /* philippine.jpg */,
				02B3F2932018063400A4E49D /* ana.jpg */,
				02B3F28D2018013400A4E49D /* qantas.jpg */,
				02B3F2AB2018081900A4E49D /* Screenshots */,
				02B3F26F2017F8A100A4E49D /* Main.storyboard */,
				02B3F2722017F8A100A4E49D /* Assets.xcassets */,
				02B3F2742017F8A100A4E49D /* LaunchScreen.storyboard */,
				02B3F2772017F8A100A4E49D /* Info.plist */,
			);
			path = Analyzer;
			sourceTree = "<group>";
		};
		02B3F2AB2018081900A4E49D /* Screenshots */ = {
			isa = PBXGroup;
			children = (
				02B3F2A02018081300A4E49D /* Simulator Screen Shot - iPhone 7 - 2018-01-24 at 10.53.24.png */,
				02B3F29D2018081300A4E49D /* Simulator Screen Shot - iPhone 7 - 2018-01-24 at 11.05.48.png */,
				02B3F29C2018081300A4E49D /* Simulator Screen Shot - iPhone 7 - 2018-01-24 at 11.06.08.png */,
				02B3F29F2018081300A4E49D /* Simulator Screen Shot - iPhone 7 - 2018-01-24 at 11.06.27.png */,
				02B3F29B2018081200A4E49D /* Simulator Screen Shot - iPhone 7 - 2018-01-24 at 11.06.49.png */,
				02B3F29E2018081300A4E49D /* Simulator Screen Shot - iPhone 7 - 2018-01-24 at 11.08.24.png */,
				02B3F2A12018081300A4E49D /* Simulator Screen Shot - iPhone 7 - 2018-01-24 at 11.09.42.png */,
				02B3F29A2018081200A4E49D /* Simulator Screen Shot - iPhone 7 - 2018-01-24 at 11.11.29.png */,
				02B3F2992018081200A4E49D /* Simulator Screen Shot - iPhone 7 - 2018-01-24 at 11.16.46.png */,
			);
			path = Screenshots;
			sourceTree = "<group>";
		};
/* End PBXGroup section */

/* Begin PBXNativeTarget section */
		02B3F2672017F8A100A4E49D /* Analyzer */ = {
			isa = PBXNativeTarget;
			buildConfigurationList = 02B3F27A2017F8A100A4E49D /* Build configuration list for PBXNativeTarget "Analyzer" */;
			buildPhases = (
				02B3F2642017F8A100A4E49D /* Sources */,
				02B3F2652017F8A100A4E49D /* Frameworks */,
				02B3F2662017F8A100A4E49D /* Resources */,
			);
			buildRules = (
			);
			dependencies = (
			);
			name = Analyzer;
			productName = Analyzer;
			productReference = 02B3F2682017F8A100A4E49D /* Analyzer.app */;
			productType = "com.apple.product-type.application";
		};
/* End PBXNativeTarget section */

/* Begin PBXProject section */
		02B3F2602017F8A100A4E49D /* Project object */ = {
			isa = PBXProject;
			attributes = {
				LastSwiftUpdateCheck = 0920;
				LastUpgradeCheck = 0920;
				ORGANIZATIONNAME = "Benjamin Dietzkis";
				TargetAttributes = {
					02B3F2672017F8A100A4E49D = {
						CreatedOnToolsVersion = 9.2;
						ProvisioningStyle = Automatic;
					};
				};
			};
			buildConfigurationList = 02B3F2632017F8A100A4E49D /* Build configuration list for PBXProject "Analyzer" */;
			compatibilityVersion = "Xcode 8.0";
			developmentRegion = en;
			hasScannedForEncodings = 0;
			knownRegions = (
				en,
				Base,
			);
			mainGroup = 02B3F25F2017F8A100A4E49D;
			productRefGroup = 02B3F2692017F8A100A4E49D /* Products */;
			projectDirPath = "";
			projectRoot = "";
			targets = (
				02B3F2672017F8A100A4E49D /* Analyzer */,
			);
		};
/* End PBXProject section */

/* Begin PBXResourcesBuildPhase section */
		02B3F2662017F8A100A4E49D /* Resources */ = {
			isa = PBXResourcesBuildPhase;
			buildActionMask = 2147483647;
			files = (
				02B3F2AA2018081300A4E49D /* Simulator Screen Shot - iPhone 7 - 2018-01-24 at 11.09.42.png in Resources */,
				02B3F2942018063400A4E49D /* ana.jpg in Resources */,
				02B3F2762017F8A100A4E49D /* LaunchScreen.storyboard in Resources */,
				02B3F2A62018081300A4E49D /* Simulator Screen Shot - iPhone 7 - 2018-01-24 at 11.05.48.png in Resources */,
				02B3F2A22018081300A4E49D /* Simulator Screen Shot - iPhone 7 - 2018-01-24 at 11.16.46.png in Resources */,
				02B3F298201807C300A4E49D /* havaii.png in Resources */,
				02B3F2A52018081300A4E49D /* Simulator Screen Shot - iPhone 7 - 2018-01-24 at 11.06.08.png in Resources */,
				02B3F2A82018081300A4E49D /* Simulator Screen Shot - iPhone 7 - 2018-01-24 at 11.06.27.png in Resources */,
				02B3F2A42018081300A4E49D /* Simulator Screen Shot - iPhone 7 - 2018-01-24 at 11.06.49.png in Resources */,
				02B3F2A72018081300A4E49D /* Simulator Screen Shot - iPhone 7 - 2018-01-24 at 11.08.24.png in Resources */,
				02B3F2732017F8A100A4E49D /* Assets.xcassets in Resources */,
				02B3F2A92018081300A4E49D /* Simulator Screen Shot - iPhone 7 - 2018-01-24 at 10.53.24.png in Resources */,
				02B3F28C201800F300A4E49D /* southwest.jpg in Resources */,
				02B3F2842017F92800A4E49D /* cathay.jpg in Resources */,
				02B3F292201805E000A4E49D /* american.jpeg in Resources */,
				02B3F2A32018081300A4E49D /* Simulator Screen Shot - iPhone 7 - 2018-01-24 at 11.11.29.png in Resources */,
				02B3F2712017F8A100A4E49D /* Main.storyboard in Resources */,
				02B3F28E2018013400A4E49D /* qantas.jpg in Resources */,
				02B3F2902018026C00A4E49D /* jetstar.png in Resources */,
				02B3F2962018067E00A4E49D /* philippine.jpg in Resources */,
			);
			runOnlyForDeploymentPostprocessing = 0;
		};
/* End PBXResourcesBuildPhase section */

/* Begin PBXSourcesBuildPhase section */
		02B3F2642017F8A100A4E49D /* Sources */ = {
			isa = PBXSourcesBuildPhase;
			buildActionMask = 2147483647;
			files = (
				02B3F2802017F8E400A4E49D /* UIColor+DarkLight.swift in Sources */,
				02B3F2822017F8F700A4E49D /* Double+RGBHSV.swift in Sources */,
				02B3F27E2017F8D200A4E49D /* UIImage+Analyzable.swift in Sources */,
				02B3F26E2017F8A100A4E49D /* ViewController.swift in Sources */,
				02B3F26C2017F8A100A4E49D /* AppDelegate.swift in Sources */,
			);
			runOnlyForDeploymentPostprocessing = 0;
		};
/* End PBXSourcesBuildPhase section */

/* Begin PBXVariantGroup section */
		02B3F26F2017F8A100A4E49D /* Main.storyboard */ = {
			isa = PBXVariantGroup;
			children = (
				02B3F2702017F8A100A4E49D /* Base */,
			);
			name = Main.storyboard;
			sourceTree = "<group>";
		};
		02B3F2742017F8A100A4E49D /* LaunchScreen.storyboard */ = {
			isa = PBXVariantGroup;
			children = (
				02B3F2752017F8A100A4E49D /* Base */,
			);
			name = LaunchScreen.storyboard;
			sourceTree = "<group>";
		};
/* End PBXVariantGroup section */

/* Begin XCBuildConfiguration section */
		02B3F2782017F8A100A4E49D /* Debug */ = {
			isa = XCBuildConfiguration;
			buildSettings = {
				ALWAYS_SEARCH_USER_PATHS = NO;
				CLANG_ANALYZER_NONNULL = YES;
				CLANG_ANALYZER_NUMBER_OBJECT_CONVERSION = YES_AGGRESSIVE;
				CLANG_CXX_LANGUAGE_STANDARD = "gnu++14";
				CLANG_CXX_LIBRARY = "libc++";
				CLANG_ENABLE_MODULES = YES;
				CLANG_ENABLE_OBJC_ARC = YES;
				CLANG_WARN_BLOCK_CAPTURE_AUTORELEASING = YES;
				CLANG_WARN_BOOL_CONVERSION = YES;
				CLANG_WARN_COMMA = YES;
				CLANG_WARN_CONSTANT_CONVERSION = YES;
				CLANG_WARN_DIRECT_OBJC_ISA_USAGE = YES_ERROR;
				CLANG_WARN_DOCUMENTATION_COMMENTS = YES;
				CLANG_WARN_EMPTY_BODY = YES;
				CLANG_WARN_ENUM_CONVERSION = YES;
				CLANG_WARN_INFINITE_RECURSION = YES;
				CLANG_WARN_INT_CONVERSION = YES;
				CLANG_WARN_NON_LITERAL_NULL_CONVERSION = YES;
				CLANG_WARN_OBJC_LITERAL_CONVERSION = YES;
				CLANG_WARN_OBJC_ROOT_CLASS = YES_ERROR;
				CLANG_WARN_RANGE_LOOP_ANALYSIS = YES;
				CLANG_WARN_STRICT_PROTOTYPES = YES;
				CLANG_WARN_SUSPICIOUS_MOVE = YES;
				CLANG_WARN_UNGUARDED_AVAILABILITY = YES_AGGRESSIVE;
				CLANG_WARN_UNREACHABLE_CODE = YES;
				CLANG_WARN__DUPLICATE_METHOD_MATCH = YES;
				CODE_SIGN_IDENTITY = "iPhone Developer";
				COPY_PHASE_STRIP = NO;
				DEBUG_INFORMATION_FORMAT = dwarf;
				ENABLE_STRICT_OBJC_MSGSEND = YES;
				ENABLE_TESTABILITY = YES;
				GCC_C_LANGUAGE_STANDARD = gnu11;
				GCC_DYNAMIC_NO_PIC = NO;
				GCC_NO_COMMON_BLOCKS = YES;
				GCC_OPTIMIZATION_LEVEL = 0;
				GCC_PREPROCESSOR_DEFINITIONS = (
					"DEBUG=1",
					"$(inherited)",
				);
				GCC_WARN_64_TO_32_BIT_CONVERSION = YES;
				GCC_WARN_ABOUT_RETURN_TYPE = YES_ERROR;
				GCC_WARN_UNDECLARED_SELECTOR = YES;
				GCC_WARN_UNINITIALIZED_AUTOS = YES_AGGRESSIVE;
				GCC_WARN_UNUSED_FUNCTION = YES;
				GCC_WARN_UNUSED_VARIABLE = YES;
				IPHONEOS_DEPLOYMENT_TARGET = 11.2;
				MTL_ENABLE_DEBUG_INFO = YES;
				ONLY_ACTIVE_ARCH = YES;
				SDKROOT = iphoneos;
				SWIFT_ACTIVE_COMPILATION_CONDITIONS = DEBUG;
				SWIFT_OPTIMIZATION_LEVEL = "-Onone";
			};
			name = Debug;
		};
		02B3F2792017F8A100A4E49D /* Release */ = {
			isa = XCBuildConfiguration;
			buildSettings = {
				ALWAYS_SEARCH_USER_PATHS = NO;
				CLANG_ANALYZER_NONNULL = YES;
				CLANG_ANALYZER_NUMBER_OBJECT_CONVERSION = YES_AGGRESSIVE;
				CLANG_CXX_LANGUAGE_STANDARD = "gnu++14";
				CLANG_CXX_LIBRARY = "libc++";
				CLANG_ENABLE_MODULES = YES;
				CLANG_ENABLE_OBJC_ARC = YES;
				CLANG_WARN_BLOCK_CAPTURE_AUTORELEASING = YES;
				CLANG_WARN_BOOL_CONVERSION = YES;
				CLANG_WARN_COMMA = YES;
				CLANG_WARN_CONSTANT_CONVERSION = YES;
				CLANG_WARN_DIRECT_OBJC_ISA_USAGE = YES_ERROR;
				CLANG_WARN_DOCUMENTATION_COMMENTS = YES;
				CLANG_WARN_EMPTY_BODY = YES;
				CLANG_WARN_ENUM_CONVERSION = YES;
				CLANG_WARN_INFINITE_RECURSION = YES;
				CLANG_WARN_INT_CONVERSION = YES;
				CLANG_WARN_NON_LITERAL_NULL_CONVERSION = YES;
				CLANG_WARN_OBJC_LITERAL_CONVERSION = YES;
				CLANG_WARN_OBJC_ROOT_CLASS = YES_ERROR;
				CLANG_WARN_RANGE_LOOP_ANALYSIS = YES;
				CLANG_WARN_STRICT_PROTOTYPES = YES;
				CLANG_WARN_SUSPICIOUS_MOVE = YES;
				CLANG_WARN_UNGUARDED_AVAILABILITY = YES_AGGRESSIVE;
				CLANG_WARN_UNREACHABLE_CODE = YES;
				CLANG_WARN__DUPLICATE_METHOD_MATCH = YES;
				CODE_SIGN_IDENTITY = "iPhone Developer";
				COPY_PHASE_STRIP = NO;
				DEBUG_INFORMATION_FORMAT = "dwarf-with-dsym";
				ENABLE_NS_ASSERTIONS = NO;
				ENABLE_STRICT_OBJC_MSGSEND = YES;
				GCC_C_LANGUAGE_STANDARD = gnu11;
				GCC_NO_COMMON_BLOCKS = YES;
				GCC_WARN_64_TO_32_BIT_CONVERSION = YES;
				GCC_WARN_ABOUT_RETURN_TYPE = YES_ERROR;
				GCC_WARN_UNDECLARED_SELECTOR = YES;
				GCC_WARN_UNINITIALIZED_AUTOS = YES_AGGRESSIVE;
				GCC_WARN_UNUSED_FUNCTION = YES;
				GCC_WARN_UNUSED_VARIABLE = YES;
				IPHONEOS_DEPLOYMENT_TARGET = 11.2;
				MTL_ENABLE_DEBUG_INFO = NO;
				SDKROOT = iphoneos;
				SWIFT_OPTIMIZATION_LEVEL = "-Owholemodule";
				VALIDATE_PRODUCT = YES;
			};
			name = Release;
		};
		02B3F27B2017F8A100A4E49D /* Debug */ = {
			isa = XCBuildConfiguration;
			buildSettings = {
				ASSETCATALOG_COMPILER_APPICON_NAME = AppIcon;
				CODE_SIGN_STYLE = Automatic;
				DEVELOPMENT_TEAM = EPUH4VBJNY;
				INFOPLIST_FILE = Analyzer/Info.plist;
				LD_RUNPATH_SEARCH_PATHS = "$(inherited) @executable_path/Frameworks";
				PRODUCT_BUNDLE_IDENTIFIER = com.cocotutch.Analyzer;
				PRODUCT_NAME = "$(TARGET_NAME)";
				SWIFT_VERSION = 4.0;
				TARGETED_DEVICE_FAMILY = "1,2";
			};
			name = Debug;
		};
		02B3F27C2017F8A100A4E49D /* Release */ = {
			isa = XCBuildConfiguration;
			buildSettings = {
				ASSETCATALOG_COMPILER_APPICON_NAME = AppIcon;
				CODE_SIGN_STYLE = Automatic;
				DEVELOPMENT_TEAM = EPUH4VBJNY;
				INFOPLIST_FILE = Analyzer/Info.plist;
				LD_RUNPATH_SEARCH_PATHS = "$(inherited) @executable_path/Frameworks";
				PRODUCT_BUNDLE_IDENTIFIER = com.cocotutch.Analyzer;
				PRODUCT_NAME = "$(TARGET_NAME)";
				SWIFT_VERSION = 4.0;
				TARGETED_DEVICE_FAMILY = "1,2";
			};
			name = Release;
		};
/* End XCBuildConfiguration section */

/* Begin XCConfigurationList section */
		02B3F2632017F8A100A4E49D /* Build configuration list for PBXProject "Analyzer" */ = {
			isa = XCConfigurationList;
			buildConfigurations = (
				02B3F2782017F8A100A4E49D /* Debug */,
				02B3F2792017F8A100A4E49D /* Release */,
			);
			defaultConfigurationIsVisible = 0;
			defaultConfigurationName = Release;
		};
		02B3F27A2017F8A100A4E49D /* Build configuration list for PBXNativeTarget "Analyzer" */ = {
			isa = XCConfigurationList;
			buildConfigurations = (
				02B3F27B2017F8A100A4E49D /* Debug */,
				02B3F27C2017F8A100A4E49D /* Release */,
			);
			defaultConfigurationIsVisible = 0;
			defaultConfigurationName = Release;
		};
/* End XCConfigurationList section */
	};
	rootObject = 02B3F2602017F8A100A4E49D /* Project object */;
}
